
Microsoft Visual Studio Solution File, Format Version 12.00
# Visual Studio Version 16
VisualStudioVersion = 16.0.29613.14
MinimumVisualStudioVersion = 10.0.40219.1
Project("{9A19103F-16F7-4668-BE54-9A1E7A4F7556}") = "Persona5Cosplay", "Persona5Cosplay.csproj", "{70DBD25C-7245-4451-ADD1-B1320BBFBC59}"
EndProject
Global
	GlobalSection(SolutionConfigurationPlatforms) = preSolution
		Debug|Any CPU = Debug|Any CPU
		Release|Any CPU = Release|Any CPU
	EndGlobalSection
	GlobalSection(ProjectConfigurationPlatforms) = postSolution
		{70DBD25C-7245-4451-ADD1-B1320BBFBC59}.Debug|Any CPU.ActiveCfg = Debug|Any CPU
		{70DBD25C-7245-4451-ADD1-B1320BBFBC59}.Debug|Any CPU.Build.0 = Debug|Any CPU
		{70DBD25C-7245-4451-ADD1-B1320BBFBC59}.Release|Any CPU.ActiveCfg = Release|Any CPU
		{70DBD25C-7245-4451-ADD1-B1320BBFBC59}.Release|Any CPU.Build.0 = Release|Any CPU
	EndGlobalSection
	GlobalSection(SolutionProperties) = preSolution
		HideSolutionNode = FALSE
	EndGlobalSection
	GlobalSection(ExtensibilityGlobals) = postSolution
		SolutionGuid = {70CEE282-A6D4-421F-854B-41AB4C854EA7}
	EndGlobalSection
EndGlobal
